
Microsoft Visual Studio Solution File, Format Version 12.00
# Visual Studio Version 17
VisualStudioVersion = 17.9.34714.143
MinimumVisualStudioVersion = 10.0.40219.1
Project("{9A19103F-16F7-4668-BE54-9A1E7A4F7556}") = "BidCalculatorApi", "BidCalculator\BidCalculatorApi.csproj", "{0869647D-EEDD-4D2A-B769-74DBB7FC10D4}"
EndProject
Project("{FAE04EC0-301F-11D3-BF4B-00C04F79EFBC}") = "VehicleBiddingApp", "VehicleBidding\VehicleBiddingApp.csproj", "{DECDD116-04F1-45A6-AF21-CA6D82EA877C}"
EndProject
Global
	GlobalSection(SolutionConfigurationPlatforms) = preSolution
		Debug|Any CPU = Debug|Any CPU
		Release|Any CPU = Release|Any CPU
	EndGlobalSection
	GlobalSection(ProjectConfigurationPlatforms) = postSolution
		{0869647D-EEDD-4D2A-B769-74DBB7FC10D4}.Debug|Any CPU.ActiveCfg = Debug|Any CPU
		{0869647D-EEDD-4D2A-B769-74DBB7FC10D4}.Debug|Any CPU.Build.0 = Debug|Any CPU
		{0869647D-EEDD-4D2A-B769-74DBB7FC10D4}.Release|Any CPU.ActiveCfg = Release|Any CPU
		{0869647D-EEDD-4D2A-B769-74DBB7FC10D4}.Release|Any CPU.Build.0 = Release|Any CPU
		{DECDD116-04F1-45A6-AF21-CA6D82EA877C}.Debug|Any CPU.ActiveCfg = Debug|Any CPU
		{DECDD116-04F1-45A6-AF21-CA6D82EA877C}.Debug|Any CPU.Build.0 = Debug|Any CPU
		{DECDD116-04F1-45A6-AF21-CA6D82EA877C}.Release|Any CPU.ActiveCfg = Release|Any CPU
		{DECDD116-04F1-45A6-AF21-CA6D82EA877C}.Release|Any CPU.Build.0 = Release|Any CPU
	EndGlobalSection
	GlobalSection(SolutionProperties) = preSolution
		HideSolutionNode = FALSE
	EndGlobalSection
	GlobalSection(ExtensibilityGlobals) = postSolution
		SolutionGuid = {78A0D868-AF5B-4FBC-9C8E-3C5470870D0E}
	EndGlobalSection
EndGlobal
